
Microsoft Visual Studio Solution File, Format Version 12.00
# Visual Studio Version 17
VisualStudioVersion = 17.2.32630.192
MinimumVisualStudioVersion = 10.0.40219.1
Project("{FAE04EC0-301F-11D3-BF4B-00C04F79EFBC}") = "Memento", "Memento\Memento.csproj", "{2D087D7B-BD40-4F3A-8252-7CCA0D7C62C2}"
EndProject
Global
	GlobalSection(SolutionConfigurationPlatforms) = preSolution
		Debug|Any CPU = Debug|Any CPU
		Release|Any CPU = Release|Any CPU
	EndGlobalSection
	GlobalSection(ProjectConfigurationPlatforms) = postSolution
		{2D087D7B-BD40-4F3A-8252-7CCA0D7C62C2}.Debug|Any CPU.ActiveCfg = Debug|Any CPU
		{2D087D7B-BD40-4F3A-8252-7CCA0D7C62C2}.Debug|Any CPU.Build.0 = Debug|Any CPU
		{2D087D7B-BD40-4F3A-8252-7CCA0D7C62C2}.Release|Any CPU.ActiveCfg = Release|Any CPU
		{2D087D7B-BD40-4F3A-8252-7CCA0D7C62C2}.Release|Any CPU.Build.0 = Release|Any CPU
	EndGlobalSection
	GlobalSection(SolutionProperties) = preSolution
		HideSolutionNode = FALSE
	EndGlobalSection
	GlobalSection(ExtensibilityGlobals) = postSolution
		SolutionGuid = {2E5660FC-10FC-44E5-BD97-6C4C1F973D83}
	EndGlobalSection
EndGlobal
